
Microsoft Visual Studio Solution File, Format Version 12.00
# Visual Studio Version 16
VisualStudioVersion = 16.0.30611.23
MinimumVisualStudioVersion = 10.0.40219.1
Project("{9A19103F-16F7-4668-BE54-9A1E7A4F7556}") = "Its.ProtocolsIoT.WebApplication", "Its.ProtocolsIoT.WebApplication\Its.ProtocolsIoT.WebApplication.csproj", "{979199F0-8833-4B51-927D-844BDDE45D08}"
EndProject
Project("{9A19103F-16F7-4668-BE54-9A1E7A4F7556}") = "Its.ProtocolsIoT.Data", "Its.ProtocolsIoT.Data\Its.ProtocolsIoT.Data.csproj", "{374F2187-64F1-4D2C-9446-6A3789914718}"
EndProject
Global
	GlobalSection(SolutionConfigurationPlatforms) = preSolution
		Debug|Any CPU = Debug|Any CPU
		Release|Any CPU = Release|Any CPU
	EndGlobalSection
	GlobalSection(ProjectConfigurationPlatforms) = postSolution
		{979199F0-8833-4B51-927D-844BDDE45D08}.Debug|Any CPU.ActiveCfg = Debug|Any CPU
		{979199F0-8833-4B51-927D-844BDDE45D08}.Debug|Any CPU.Build.0 = Debug|Any CPU
		{979199F0-8833-4B51-927D-844BDDE45D08}.Release|Any CPU.ActiveCfg = Release|Any CPU
		{979199F0-8833-4B51-927D-844BDDE45D08}.Release|Any CPU.Build.0 = Release|Any CPU
		{374F2187-64F1-4D2C-9446-6A3789914718}.Debug|Any CPU.ActiveCfg = Debug|Any CPU
		{374F2187-64F1-4D2C-9446-6A3789914718}.Debug|Any CPU.Build.0 = Debug|Any CPU
		{374F2187-64F1-4D2C-9446-6A3789914718}.Release|Any CPU.ActiveCfg = Release|Any CPU
		{374F2187-64F1-4D2C-9446-6A3789914718}.Release|Any CPU.Build.0 = Release|Any CPU
	EndGlobalSection
	GlobalSection(SolutionProperties) = preSolution
		HideSolutionNode = FALSE
	EndGlobalSection
	GlobalSection(ExtensibilityGlobals) = postSolution
		SolutionGuid = {40E392CF-6665-4E3D-92FB-1799A574F5D5}
	EndGlobalSection
EndGlobal
