
Microsoft Visual Studio Solution File, Format Version 12.00
# Visual Studio Version 16
VisualStudioVersion = 16.0.30114.105
MinimumVisualStudioVersion = 10.0.40219.1
Project("{9A19103F-16F7-4668-BE54-9A1E7A4F7556}") = "ITS.ProtocolsIoT.Data", "ITS.ProtocolsIoT.Data\ITS.ProtocolsIoT.Data.csproj", "{3B25A551-6B8F-4D93-989C-7E595E966389}"
EndProject
Project("{9A19103F-16F7-4668-BE54-9A1E7A4F7556}") = "ITS.ProtocolsIoT.WorkerServiceScooter", "ITS.ProtocolsIoT.WorkerServiceScooter\ITS.ProtocolsIoT.WorkerServiceScooter.csproj", "{29407459-3DD1-4ADA-BF09-E8DAB40660C6}"
EndProject
Global
	GlobalSection(SolutionConfigurationPlatforms) = preSolution
		Debug|Any CPU = Debug|Any CPU
		Release|Any CPU = Release|Any CPU
	EndGlobalSection
	GlobalSection(ProjectConfigurationPlatforms) = postSolution
		{3B25A551-6B8F-4D93-989C-7E595E966389}.Debug|Any CPU.ActiveCfg = Debug|Any CPU
		{3B25A551-6B8F-4D93-989C-7E595E966389}.Debug|Any CPU.Build.0 = Debug|Any CPU
		{3B25A551-6B8F-4D93-989C-7E595E966389}.Release|Any CPU.ActiveCfg = Release|Any CPU
		{3B25A551-6B8F-4D93-989C-7E595E966389}.Release|Any CPU.Build.0 = Release|Any CPU
		{29407459-3DD1-4ADA-BF09-E8DAB40660C6}.Debug|Any CPU.ActiveCfg = Debug|Any CPU
		{29407459-3DD1-4ADA-BF09-E8DAB40660C6}.Debug|Any CPU.Build.0 = Debug|Any CPU
		{29407459-3DD1-4ADA-BF09-E8DAB40660C6}.Release|Any CPU.ActiveCfg = Release|Any CPU
		{29407459-3DD1-4ADA-BF09-E8DAB40660C6}.Release|Any CPU.Build.0 = Release|Any CPU
	EndGlobalSection
	GlobalSection(SolutionProperties) = preSolution
		HideSolutionNode = FALSE
	EndGlobalSection
	GlobalSection(ExtensibilityGlobals) = postSolution
		SolutionGuid = {1E205D63-52D1-450D-8754-6DBD4222404F}
	EndGlobalSection
EndGlobal
